
Microsoft Visual Studio Solution File, Format Version 12.00
# Visual Studio Version 17
VisualStudioVersion = 17.0.32126.317
MinimumVisualStudioVersion = 10.0.40219.1
Project("{FAE04EC0-301F-11D3-BF4B-00C04F79EFBC}") = "ConsoleBackUpApp", "ConsoleBackUpApp\ConsoleBackUpApp.csproj", "{96DF300D-0025-4095-84A3-D7BFA5D891C0}"
EndProject
Global
	GlobalSection(SolutionConfigurationPlatforms) = preSolution
		Debug|Any CPU = Debug|Any CPU
		Release|Any CPU = Release|Any CPU
	EndGlobalSection
	GlobalSection(ProjectConfigurationPlatforms) = postSolution
		{96DF300D-0025-4095-84A3-D7BFA5D891C0}.Debug|Any CPU.ActiveCfg = Debug|Any CPU
		{96DF300D-0025-4095-84A3-D7BFA5D891C0}.Debug|Any CPU.Build.0 = Debug|Any CPU
		{96DF300D-0025-4095-84A3-D7BFA5D891C0}.Release|Any CPU.ActiveCfg = Release|Any CPU
		{96DF300D-0025-4095-84A3-D7BFA5D891C0}.Release|Any CPU.Build.0 = Release|Any CPU
	EndGlobalSection
	GlobalSection(SolutionProperties) = preSolution
		HideSolutionNode = FALSE
	EndGlobalSection
	GlobalSection(ExtensibilityGlobals) = postSolution
		SolutionGuid = {064E5237-01E0-43E1-AA39-81279D4DB5FB}
	EndGlobalSection
EndGlobal
