
Microsoft Visual Studio Solution File, Format Version 12.00
# Visual Studio Version 17
VisualStudioVersion = 17.0.32126.317
MinimumVisualStudioVersion = 10.0.40219.1
Project("{9A19103F-16F7-4668-BE54-9A1E7A4F7556}") = "ConsoleBackUpApp", "ConsoleBackUpApp\ConsoleBackUpApp.csproj", "{96DF300D-0025-4095-84A3-D7BFA5D891C0}"
EndProject
Project("{2150E333-8FDC-42A3-9474-1A3956D46DE8}") = "Testing", "Testing", "{02DE6C88-1D6B-4C1C-A71E-2828B17E94D3}"
EndProject
Project("{9A19103F-16F7-4668-BE54-9A1E7A4F7556}") = "ConsoleBackUpAppTests", "ConsoleBackUpAppTests\ConsoleBackUpAppTests.csproj", "{BEFB860C-2DF0-4B34-87C4-F7EDB004386B}"
EndProject
Global
	GlobalSection(SolutionConfigurationPlatforms) = preSolution
		Debug|Any CPU = Debug|Any CPU
		Release|Any CPU = Release|Any CPU
	EndGlobalSection
	GlobalSection(ProjectConfigurationPlatforms) = postSolution
		{96DF300D-0025-4095-84A3-D7BFA5D891C0}.Debug|Any CPU.ActiveCfg = Debug|Any CPU
		{96DF300D-0025-4095-84A3-D7BFA5D891C0}.Debug|Any CPU.Build.0 = Debug|Any CPU
		{96DF300D-0025-4095-84A3-D7BFA5D891C0}.Release|Any CPU.ActiveCfg = Release|Any CPU
		{96DF300D-0025-4095-84A3-D7BFA5D891C0}.Release|Any CPU.Build.0 = Release|Any CPU
		{BEFB860C-2DF0-4B34-87C4-F7EDB004386B}.Debug|Any CPU.ActiveCfg = Debug|Any CPU
		{BEFB860C-2DF0-4B34-87C4-F7EDB004386B}.Debug|Any CPU.Build.0 = Debug|Any CPU
		{BEFB860C-2DF0-4B34-87C4-F7EDB004386B}.Release|Any CPU.ActiveCfg = Release|Any CPU
		{BEFB860C-2DF0-4B34-87C4-F7EDB004386B}.Release|Any CPU.Build.0 = Release|Any CPU
	EndGlobalSection
	GlobalSection(SolutionProperties) = preSolution
		HideSolutionNode = FALSE
	EndGlobalSection
	GlobalSection(NestedProjects) = preSolution
		{BEFB860C-2DF0-4B34-87C4-F7EDB004386B} = {02DE6C88-1D6B-4C1C-A71E-2828B17E94D3}
	EndGlobalSection
	GlobalSection(ExtensibilityGlobals) = postSolution
		SolutionGuid = {064E5237-01E0-43E1-AA39-81279D4DB5FB}
	EndGlobalSection
EndGlobal
